{
    "version": 3,
    "terraform_version": "0.9.1",
    "serial": 3,
    "lineage": "7ddd9fb4-75a9-426d-9005-63936c8d313a",
    "modules": [
        {
            "path": [
                "root"
            ],
            "outputs": {
                "s3-user": {
                    "sensitive": false,
                    "type": "string",
                    "value": "lomis-deliver-dashboard-production-user"
                },
                "s3-user-access-key": {
                    "sensitive": false,
                    "type": "string",
                    "value": "AKIAI7K5E2TUZRZV4RVA"
                },
                "s3-user-secret-key": {
                    "sensitive": false,
                    "type": "string",
                    "value": "wcBMA1xaMJMyXZEJAQgAk8iyfzq1YKL9RGgFYNRtZgF9Kgy5guCNQhNGT1TpnVFS51rKbfHd7/C/REqPmiCKitjLuKZT+6ecicEWoco/p3u69Df3MzTMMNQJ/WjHhG6K0nKt8y94VPQPOl6y0yeyTmFw4Js/tiCCcykI89/u99OXk2xWm+KBE1cYKZlAAsI6RS6JZVu9UJjxV10WE1nejFPuhrzQ7v5Kle90aUlUzZ5rQvBZZsQc6UaxvtRCQQg2bMvnxUFblkq5d7pzNp0s+JLYsxZbrvU0yq+YW1Mx1ZXEx30SvJmi1BPaQWqEf99bqlbB0S+HI7ajHkON6pk5CFAHevAA33oAk1kstItkOdLgAeTKF5uMhNXoVbZTf2CUTo6Y4dBG4PXg3eHjvuBk4h6+5yrg1+X5qIAt46KvipMnWTy+C8eYYfzDxi3n7BkRH2IrUhZfgOCE4+T+IPabbT+Z4OrkzmLMp21Ng2t9kaPOkqSlfOKRgOqP4W1/AA=="
                },
                "website_cdn_hostname": {
                    "sensitive": false,
                    "type": "string",
                    "value": "d2kfy3rr9ew7un.cloudfront.net"
                },
                "website_cdn_zone_id": {
                    "sensitive": false,
                    "type": "string",
                    "value": "Z2FDTNDATAQYW2"
                }
            },
            "resources": {},
            "depends_on": []
        },
        {
            "path": [
                "root",
                "S3_bucket"
            ],
            "outputs": {
                "s3-user": {
                    "sensitive": false,
                    "type": "string",
                    "value": "lomis-deliver-dashboard-production-user"
                },
                "s3-user-access-key": {
                    "sensitive": false,
                    "type": "string",
                    "value": "AKIAI7K5E2TUZRZV4RVA"
                },
                "s3-user-secret-key": {
                    "sensitive": false,
                    "type": "string",
                    "value": "wcBMA1xaMJMyXZEJAQgAk8iyfzq1YKL9RGgFYNRtZgF9Kgy5guCNQhNGT1TpnVFS51rKbfHd7/C/REqPmiCKitjLuKZT+6ecicEWoco/p3u69Df3MzTMMNQJ/WjHhG6K0nKt8y94VPQPOl6y0yeyTmFw4Js/tiCCcykI89/u99OXk2xWm+KBE1cYKZlAAsI6RS6JZVu9UJjxV10WE1nejFPuhrzQ7v5Kle90aUlUzZ5rQvBZZsQc6UaxvtRCQQg2bMvnxUFblkq5d7pzNp0s+JLYsxZbrvU0yq+YW1Mx1ZXEx30SvJmi1BPaQWqEf99bqlbB0S+HI7ajHkON6pk5CFAHevAA33oAk1kstItkOdLgAeTKF5uMhNXoVbZTf2CUTo6Y4dBG4PXg3eHjvuBk4h6+5yrg1+X5qIAt46KvipMnWTy+C8eYYfzDxi3n7BkRH2IrUhZfgOCE4+T+IPabbT+Z4OrkzmLMp21Ng2t9kaPOkqSlfOKRgOqP4W1/AA=="
                }
            },
            "resources": {
                "aws_iam_access_key.access-key": {
                    "type": "aws_iam_access_key",
                    "depends_on": [
                        "aws_iam_user.s3_user"
                    ],
                    "primary": {
                        "id": "AKIAI7K5E2TUZRZV4RVA",
                        "attributes": {
                            "encrypted_secret": "wcBMA1xaMJMyXZEJAQgAk8iyfzq1YKL9RGgFYNRtZgF9Kgy5guCNQhNGT1TpnVFS51rKbfHd7/C/REqPmiCKitjLuKZT+6ecicEWoco/p3u69Df3MzTMMNQJ/WjHhG6K0nKt8y94VPQPOl6y0yeyTmFw4Js/tiCCcykI89/u99OXk2xWm+KBE1cYKZlAAsI6RS6JZVu9UJjxV10WE1nejFPuhrzQ7v5Kle90aUlUzZ5rQvBZZsQc6UaxvtRCQQg2bMvnxUFblkq5d7pzNp0s+JLYsxZbrvU0yq+YW1Mx1ZXEx30SvJmi1BPaQWqEf99bqlbB0S+HI7ajHkON6pk5CFAHevAA33oAk1kstItkOdLgAeTKF5uMhNXoVbZTf2CUTo6Y4dBG4PXg3eHjvuBk4h6+5yrg1+X5qIAt46KvipMnWTy+C8eYYfzDxi3n7BkRH2IrUhZfgOCE4+T+IPabbT+Z4OrkzmLMp21Ng2t9kaPOkqSlfOKRgOqP4W1/AA==",
                            "id": "AKIAI7K5E2TUZRZV4RVA",
                            "key_fingerprint": "3737ade37214bc6df790d908842b5ca94e1e4247",
                            "pgp_key": "mQENBFjSg1oBCAC4Xka1WE5TFSHcTgfPXs/6OSDeJ3iyrmMwNKJri5OEmIGke1saw2lBUAmSyYeApNiOJFxuMDydIdrlLRq8y4CNpS/VzZ4QbVaKhWAeNAQmCXYRUrmh7WybQt4VyrptfRa5evwUyMDpJVSfoC12hMRBLRDiYnHetlb0uOPMMnqr4nwH22b3uLBGyq+FdamLWeNun0VUSgwrfLckWYtDyZu5/ffNvL4RrcGpEPwHm5LQ1CHmQCbMcUpotYjy+BBHHYGyc43HwkuUMou31NfdaM4B9xKCH3y0bDm50DbJaa5CYPKzI1kSTl9rB6OarfLDzg8QOmBLmcNh3KHQHzMA+bE7ABEBAAG0GGxpYi1laWRzci1kZXYtczMtYnVja2V0c4kBOQQTAQgAIwUCWNKDWgIbAwcLCQgHAwIBBhUIAgkKCwQWAgMBAh4BAheAAAoJEIQrXKlOHkJHgvIH/1EkVZPPihGq1WbZIRl7+bDYGwCrDkPWwQEYV3ZuprfOJnizZibNMwxPQdttEOEL4UQ/MK5L9g0nwmR6QOcMsqDiIxHB62hBq1BmkQpMIu7lT93vpRWdvFW/N9ekMkRDMPq6oQNInsiyNWTSQw56iuSBwPncyF/EBRckpgd9mf95WmzflRzv3A1B1F5ToKgvtcT9bHRHLQbJsvUFPcCabo4UilNoccDgF5CaZCuM91PGWTfQcva3u2wOPEBRWWjKPTZ1uJonTYY9ceFj/eQ1kIwWdz9S76WPY8v3BWkWrQRNqbzcIsLec/qpAvLAur8o2mwW1sXSXSAOv665vbWsnSS5AQ0EWNKDWgEIAPFHNMlXgvadrelESwm0sD95QxVm+cO8N+xiJoFCZOlx74mhtr0SlT51Tm2mV6+I6c9BrhCzc2Px4u6BIIu7V0AP78MSc6eGHeP06YMPNczBjFRgV1b1Uee2J6piBMq8Yz8ioinKZny5k15MjfTWpHG/3MfGb491yTZorN2tnoFCa0M6hc3eRVVk3Kvh3Gw767yUUEML7G4Wfk+Bmr3AlJ4xUIfKZK5nDIt9I2VdJRJvOnhrB4XPT+1axW0SinurhtIHv02dZf97TekwGsJElWuB5xDDApAfP1efpNfVs2kRDfR8vQfAHbfZwtd/1mNJ2F73f6qvKI/CA+DmJmGDmP0AEQEAAYkBHwQYAQgACQUCWNKDWgIbDAAKCRCEK1ypTh5CRwpeB/4vQz4TtQwWYevWZXKCtVCBfJeNpDVOL4CHE0VoRr6hEEV6JLLKDDieujMOdYZHYJLWujFys6mZCQUM3ReMK2NpfCBJ2CTt6rE3lrR3n4xbzBRvl0OmxpsEE10HDVvR1sBKZaR/mNHZTTQMc1f8LkOMabRR26BWeK58TPdpi0ddKwYRpG6HcUD2qhR+lJs3HrNtl9Hk9lQgak9S041+zwDMuRsGbqsfcxKPw0v8QH9/yYBeDznXTCfTqrMb8aXNFHd1zyu1et9I3ptfTspfuJwR0i2V91InKZdZMSea3zsYxHK5My1qS5W8CVzIOBUz3A2azt2YZMLiy7St6mu1ppey",
                            "ses_smtp_password": "AqLpnG6GpKPOSMzI3nqO9b9V6ElLOhYk5S3QBgArwvpr",
                            "status": "Active",
                            "user": "lomis-deliver-dashboard-production-user"
                        },
                        "meta": {},
                        "tainted": false
                    },
                    "deposed": [],
                    "provider": ""
                },
                "aws_iam_user.s3_user": {
                    "type": "aws_iam_user",
                    "depends_on": [],
                    "primary": {
                        "id": "lomis-deliver-dashboard-production-user",
                        "attributes": {
                            "arn": "arn:aws:iam::387526361725:user/lomis-deliver-dashboard-production-user",
                            "force_destroy": "false",
                            "id": "lomis-deliver-dashboard-production-user",
                            "name": "lomis-deliver-dashboard-production-user",
                            "path": "/",
                            "unique_id": "AIDAISSC3OTGFVDULPAN6"
                        },
                        "meta": {},
                        "tainted": false
                    },
                    "deposed": [],
                    "provider": ""
                }
            },
            "depends_on": []
        },
        {
            "path": [
                "root",
                "dns-cname"
            ],
            "outputs": {},
            "resources": {
                "aws_route53_record.cdn-cname": {
                    "type": "aws_route53_record",
                    "depends_on": [],
                    "primary": {
                        "id": "Z1B5Q25BUE3TXB_lomis-deliver-dashboard-production.ehealthafrica.org_CNAME",
                        "attributes": {
                            "fqdn": "lomis-deliver-dashboard-production.ehealthafrica.org",
                            "health_check_id": "",
                            "id": "Z1B5Q25BUE3TXB_lomis-deliver-dashboard-production.ehealthafrica.org_CNAME",
                            "name": "lomis-deliver-dashboard-production.ehealthafrica.org",
                            "records.#": "1",
                            "records.1818985193": "d2kfy3rr9ew7un.cloudfront.net",
                            "set_identifier": "",
                            "ttl": "300",
                            "type": "CNAME",
                            "zone_id": "Z1B5Q25BUE3TXB"
                        },
                        "meta": {
                            "schema_version": "2"
                        },
                        "tainted": false
                    },
                    "deposed": [],
                    "provider": ""
                }
            },
            "depends_on": []
        },
        {
            "path": [
                "root",
                "remote_state"
            ],
            "outputs": {},
            "resources": {
                "data.terraform_remote_state.s3_backend": {
                    "type": "terraform_remote_state",
                    "depends_on": [],
                    "primary": {
                        "id": "2017-03-29 19:01:16.872965193 +0000 UTC",
                        "attributes": {
                            "backend": "s3",
                            "config.%": "3",
                            "config.bucket": "eha-production-state-files",
                            "config.key": "lomis-deliver-dashboard/terraform.tfstate",
                            "config.region": "eu-west-1",
                            "environment": "default",
                            "id": "2017-03-29 19:01:16.872965193 +0000 UTC"
                        },
                        "meta": {},
                        "tainted": false
                    },
                    "deposed": [],
                    "provider": ""
                }
            },
            "depends_on": []
        },
        {
            "path": [
                "root",
                "site-main"
            ],
            "outputs": {
                "website_cdn_hostname": {
                    "sensitive": false,
                    "type": "string",
                    "value": "d2kfy3rr9ew7un.cloudfront.net"
                },
                "website_cdn_zone_id": {
                    "sensitive": false,
                    "type": "string",
                    "value": "Z2FDTNDATAQYW2"
                }
            },
            "resources": {
                "aws_cloudfront_distribution.website_cdn": {
                    "type": "aws_cloudfront_distribution",
                    "depends_on": [
                        "aws_s3_bucket.website_bucket",
                        "aws_s3_bucket.website_bucket"
                    ],
                    "primary": {
                        "id": "E1H07WSF4C2VNO",
                        "attributes": {
                            "active_trusted_signers.%": "2",
                            "active_trusted_signers.enabled": "false",
                            "active_trusted_signers.items.#": "0",
                            "aliases.#": "1",
                            "aliases.2220030017": "lomis-deliver-dashboard-production.ehealthafrica.org",
                            "arn": "arn:aws:cloudfront::387526361725:distribution/E1H07WSF4C2VNO",
                            "cache_behavior.#": "0",
                            "caller_reference": "2017-03-29T14:37:53.950523666+01:00",
                            "custom_error_response.#": "1",
                            "custom_error_response.2456410703.error_caching_min_ttl": "360",
                            "custom_error_response.2456410703.error_code": "404",
                            "custom_error_response.2456410703.response_code": "200",
                            "custom_error_response.2456410703.response_page_path": "/404.html",
                            "default_cache_behavior.#": "1",
                            "default_cache_behavior.1885562222.allowed_methods.#": "7",
                            "default_cache_behavior.1885562222.allowed_methods.0": "HEAD",
                            "default_cache_behavior.1885562222.allowed_methods.1": "DELETE",
                            "default_cache_behavior.1885562222.allowed_methods.2": "POST",
                            "default_cache_behavior.1885562222.allowed_methods.3": "GET",
                            "default_cache_behavior.1885562222.allowed_methods.4": "OPTIONS",
                            "default_cache_behavior.1885562222.allowed_methods.5": "PUT",
                            "default_cache_behavior.1885562222.allowed_methods.6": "PATCH",
                            "default_cache_behavior.1885562222.cached_methods.#": "2",
                            "default_cache_behavior.1885562222.cached_methods.0": "HEAD",
                            "default_cache_behavior.1885562222.cached_methods.1": "GET",
                            "default_cache_behavior.1885562222.compress": "true",
                            "default_cache_behavior.1885562222.default_ttl": "300",
                            "default_cache_behavior.1885562222.forwarded_values.#": "1",
                            "default_cache_behavior.1885562222.forwarded_values.2759845635.cookies.#": "1",
                            "default_cache_behavior.1885562222.forwarded_values.2759845635.cookies.2625240281.forward": "none",
                            "default_cache_behavior.1885562222.forwarded_values.2759845635.cookies.2625240281.whitelisted_names.#": "0",
                            "default_cache_behavior.1885562222.forwarded_values.2759845635.headers.#": "0",
                            "default_cache_behavior.1885562222.forwarded_values.2759845635.query_string": "false",
                            "default_cache_behavior.1885562222.forwarded_values.2759845635.query_string_cache_keys.#": "0",
                            "default_cache_behavior.1885562222.lambda_function_association.#": "0",
                            "default_cache_behavior.1885562222.max_ttl": "1200",
                            "default_cache_behavior.1885562222.min_ttl": "0",
                            "default_cache_behavior.1885562222.smooth_streaming": "false",
                            "default_cache_behavior.1885562222.target_origin_id": "origin-bucket-site.lomis-deliver-dashboard-production-ehealthafrica-org",
                            "default_cache_behavior.1885562222.trusted_signers.#": "0",
                            "default_cache_behavior.1885562222.viewer_protocol_policy": "redirect-to-https",
                            "default_root_object": "index.html",
                            "domain_name": "d2kfy3rr9ew7un.cloudfront.net",
                            "enabled": "true",
                            "etag": "E1VJQV2M1JNPH2",
                            "hosted_zone_id": "Z2FDTNDATAQYW2",
                            "http_version": "http1.1",
                            "id": "E1H07WSF4C2VNO",
                            "in_progress_validation_batches": "0",
                            "is_ipv6_enabled": "false",
                            "last_modified_time": "2017-03-29 13:38:24.914 +0000 UTC",
                            "logging_config.#": "0",
                            "origin.#": "1",
                            "origin.2881169633.custom_header.#": "1",
                            "origin.2881169633.custom_header.4254978041.name": "User-Agent",
                            "origin.2881169633.custom_header.4254978041.value": "lomis-deliver-dashboard-production-secret",
                            "origin.2881169633.custom_origin_config.#": "1",
                            "origin.2881169633.custom_origin_config.581100613.http_port": "80",
                            "origin.2881169633.custom_origin_config.581100613.https_port": "443",
                            "origin.2881169633.custom_origin_config.581100613.origin_protocol_policy": "http-only",
                            "origin.2881169633.custom_origin_config.581100613.origin_ssl_protocols.#": "1",
                            "origin.2881169633.custom_origin_config.581100613.origin_ssl_protocols.0": "TLSv1",
                            "origin.2881169633.domain_name": "site.lomis-deliver-dashboard-production-ehealthafrica-org.s3-website-eu-west-1.amazonaws.com",
                            "origin.2881169633.origin_id": "origin-bucket-site.lomis-deliver-dashboard-production-ehealthafrica-org",
                            "origin.2881169633.origin_path": "",
                            "origin.2881169633.s3_origin_config.#": "0",
                            "price_class": "PriceClass_200",
                            "restrictions.#": "1",
                            "restrictions.1097372288.geo_restriction.#": "1",
                            "restrictions.1097372288.geo_restriction.2625240281.locations.#": "0",
                            "restrictions.1097372288.geo_restriction.2625240281.restriction_type": "none",
                            "retain_on_delete": "false",
                            "status": "Deployed",
                            "tags.%": "0",
                            "viewer_certificate.#": "1",
                            "viewer_certificate.2844531838.acm_certificate_arn": "arn:aws:acm:us-east-1:387526361725:certificate/edf35849-430d-465f-99cf-f49244ff8f6a",
                            "viewer_certificate.2844531838.cloudfront_default_certificate": "false",
                            "viewer_certificate.2844531838.iam_certificate_id": "",
                            "viewer_certificate.2844531838.minimum_protocol_version": "TLSv1",
                            "viewer_certificate.2844531838.ssl_support_method": "sni-only",
                            "web_acl_id": ""
                        },
                        "meta": {},
                        "tainted": false
                    },
                    "deposed": [],
                    "provider": ""
                },
                "aws_iam_policy.site_deployer_policy": {
                    "type": "aws_iam_policy",
                    "depends_on": [
                        "data.template_file.deployer_role_policy_file"
                    ],
                    "primary": {
                        "id": "arn:aws:iam::387526361725:policy/site.lomis-deliver-dashboard-production-ehealthafrica-org.deployer",
                        "attributes": {
                            "arn": "arn:aws:iam::387526361725:policy/site.lomis-deliver-dashboard-production-ehealthafrica-org.deployer",
                            "description": "Policy allowing to publish a new version of the website to the S3 bucket",
                            "id": "arn:aws:iam::387526361725:policy/site.lomis-deliver-dashboard-production-ehealthafrica-org.deployer",
                            "name": "site.lomis-deliver-dashboard-production-ehealthafrica-org.deployer",
                            "path": "/",
                            "policy": "{\n  \"Version\": \"2012-10-17\",\n  \"Statement\": [\n    {\n      \"Action\": [\n        \"s3:ListBucket\"\n      ],\n      \"Effect\": \"Allow\",\n      \"Resource\": \"arn:aws:s3:::site.lomis-deliver-dashboard-production-ehealthafrica-org\"\n    },\n    {\n      \"Action\": [\n        \"s3:DeleteObject\",\n        \"s3:GetObject\",\n        \"s3:GetObjectAcl\",\n        \"s3:ListBucket\",\n        \"s3:PutObject\",\n        \"s3:PutObjectAcl\"\n      ],\n      \"Effect\": \"Allow\",\n      \"Resource\": \"arn:aws:s3:::site.lomis-deliver-dashboard-production-ehealthafrica-org/*\"\n    }\n  ]\n}\n"
                        },
                        "meta": {},
                        "tainted": false
                    },
                    "deposed": [],
                    "provider": "aws.${var.region}"
                },
                "aws_iam_policy_attachment.site-deployer-attach-user-policy": {
                    "type": "aws_iam_policy_attachment",
                    "depends_on": [
                        "aws_iam_policy.site_deployer_policy"
                    ],
                    "primary": {
                        "id": "site.lomis-deliver-dashboard-production-ehealthafrica-org-deployer-policy-attachment",
                        "attributes": {
                            "groups.#": "0",
                            "id": "site.lomis-deliver-dashboard-production-ehealthafrica-org-deployer-policy-attachment",
                            "name": "site.lomis-deliver-dashboard-production-ehealthafrica-org-deployer-policy-attachment",
                            "policy_arn": "arn:aws:iam::387526361725:policy/site.lomis-deliver-dashboard-production-ehealthafrica-org.deployer",
                            "roles.#": "0",
                            "users.#": "1",
                            "users.1138063674": "lomis-deliver-dashboard-production-user"
                        },
                        "meta": {},
                        "tainted": false
                    },
                    "deposed": [],
                    "provider": "aws.${var.region}"
                },
                "aws_s3_bucket.website_bucket": {
                    "type": "aws_s3_bucket",
                    "depends_on": [
                        "data.template_file.bucket_policy"
                    ],
                    "primary": {
                        "id": "site.lomis-deliver-dashboard-production-ehealthafrica-org",
                        "attributes": {
                            "acceleration_status": "",
                            "acl": "private",
                            "arn": "arn:aws:s3:::site.lomis-deliver-dashboard-production-ehealthafrica-org",
                            "bucket": "site.lomis-deliver-dashboard-production-ehealthafrica-org",
                            "bucket_domain_name": "site.lomis-deliver-dashboard-production-ehealthafrica-org.s3.amazonaws.com",
                            "force_destroy": "false",
                            "hosted_zone_id": "Z1BKCTXD74EZPE",
                            "id": "site.lomis-deliver-dashboard-production-ehealthafrica-org",
                            "policy": "{\"Statement\":[{\"Action\":\"s3:GetObject\",\"Condition\":{\"StringEquals\":{\"aws:UserAgent\":\"lomis-deliver-dashboard-production-secret\"}},\"Effect\":\"Allow\",\"Principal\":{\"AWS\":\"*\"},\"Resource\":\"arn:aws:s3:::site.lomis-deliver-dashboard-production-ehealthafrica-org/*\",\"Sid\":\"PublicReadAccess\"}],\"Version\":\"2012-10-17\"}",
                            "region": "eu-west-1",
                            "request_payer": "BucketOwner",
                            "tags.%": "1",
                            "tags.Name": "Bucket for static site lomis-deliver-dashboard-production.ehealthafrica.org",
                            "versioning.#": "1",
                            "versioning.0.enabled": "false",
                            "versioning.0.mfa_delete": "false",
                            "website.#": "1",
                            "website.0.error_document": "404.html",
                            "website.0.index_document": "index.html",
                            "website.0.redirect_all_requests_to": "",
                            "website.0.routing_rules": "",
                            "website_domain": "s3-website-eu-west-1.amazonaws.com",
                            "website_endpoint": "site.lomis-deliver-dashboard-production-ehealthafrica-org.s3-website-eu-west-1.amazonaws.com"
                        },
                        "meta": {},
                        "tainted": false
                    },
                    "deposed": [],
                    "provider": "aws.${var.region}"
                },
                "data.template_file.bucket_policy": {
                    "type": "template_file",
                    "depends_on": [],
                    "primary": {
                        "id": "ffb2780ece118dfea36b1ba57600fb92b6b6ed9457e8cdd37706b7fa3e1bbe6b",
                        "attributes": {
                            "id": "ffb2780ece118dfea36b1ba57600fb92b6b6ed9457e8cdd37706b7fa3e1bbe6b",
                            "rendered": "{\n  \"Version\": \"2012-10-17\",\n  \"Statement\": [\n    {\n      \"Sid\": \"PublicReadAccess\",\n      \"Principal\": {\n        \"AWS\": \"*\"\n      },\n      \"Effect\": \"Allow\",\n      \"Action\": [\n        \"s3:GetObject\"\n      ],\n      \"Resource\": \"arn:aws:s3:::site.lomis-deliver-dashboard-production-ehealthafrica-org/*\",\n      \"Condition\": {\n        \"StringEquals\": {\n          \"aws:UserAgent\": \"lomis-deliver-dashboard-production-secret\"\n        }\n      }\n    }\n  ]\n}\n",
                            "template": "{\n  \"Version\": \"2012-10-17\",\n  \"Statement\": [\n    {\n      \"Sid\": \"PublicReadAccess\",\n      \"Principal\": {\n        \"AWS\": \"*\"\n      },\n      \"Effect\": \"Allow\",\n      \"Action\": [\n        \"s3:GetObject\"\n      ],\n      \"Resource\": \"arn:aws:s3:::${bucket}/*\",\n      \"Condition\": {\n        \"StringEquals\": {\n          \"aws:UserAgent\": \"${secret}\"\n        }\n      }\n    }\n  ]\n}\n",
                            "vars.%": "2",
                            "vars.bucket": "site.lomis-deliver-dashboard-production-ehealthafrica-org",
                            "vars.secret": "lomis-deliver-dashboard-production-secret"
                        },
                        "meta": {},
                        "tainted": false
                    },
                    "deposed": [],
                    "provider": ""
                },
                "data.template_file.deployer_role_policy_file": {
                    "type": "template_file",
                    "depends_on": [],
                    "primary": {
                        "id": "82003e9618dae7f740137191fe74b61429fcaa3caa0b9d716894826f760c6ff5",
                        "attributes": {
                            "id": "82003e9618dae7f740137191fe74b61429fcaa3caa0b9d716894826f760c6ff5",
                            "rendered": "{\n  \"Version\": \"2012-10-17\",\n  \"Statement\": [\n    {\n      \"Action\": [\n        \"s3:ListBucket\"\n      ],\n      \"Effect\": \"Allow\",\n      \"Resource\": \"arn:aws:s3:::site.lomis-deliver-dashboard-production-ehealthafrica-org\"\n    },\n    {\n      \"Action\": [\n        \"s3:DeleteObject\",\n        \"s3:GetObject\",\n        \"s3:GetObjectAcl\",\n        \"s3:ListBucket\",\n        \"s3:PutObject\",\n        \"s3:PutObjectAcl\"\n      ],\n      \"Effect\": \"Allow\",\n      \"Resource\": \"arn:aws:s3:::site.lomis-deliver-dashboard-production-ehealthafrica-org/*\"\n    }\n  ]\n}\n",
                            "template": "{\n  \"Version\": \"2012-10-17\",\n  \"Statement\": [\n    {\n      \"Action\": [\n        \"s3:ListBucket\"\n      ],\n      \"Effect\": \"Allow\",\n      \"Resource\": \"arn:aws:s3:::${bucket}\"\n    },\n    {\n      \"Action\": [\n        \"s3:DeleteObject\",\n        \"s3:GetObject\",\n        \"s3:GetObjectAcl\",\n        \"s3:ListBucket\",\n        \"s3:PutObject\",\n        \"s3:PutObjectAcl\"\n      ],\n      \"Effect\": \"Allow\",\n      \"Resource\": \"arn:aws:s3:::${bucket}/*\"\n    }\n  ]\n}\n",
                            "vars.%": "1",
                            "vars.bucket": "site.lomis-deliver-dashboard-production-ehealthafrica-org"
                        },
                        "meta": {},
                        "tainted": false
                    },
                    "deposed": [],
                    "provider": ""
                }
            },
            "depends_on": []
        },
        {
            "path": [
                "root",
                "site-redirect"
            ],
            "outputs": {},
            "resources": {},
            "depends_on": []
        }
    ]
}
